{
  "nodes": {
    "flake-utils": {
      "locked": {
        "lastModified": 1605370193,
        "narHash": "sha256-YyMTf3URDL/otKdKgtoMChu4vfVL3vCMkRqpGifhUn0=",
        "owner": "numtide",
        "repo": "flake-utils",
        "rev": "5021eac20303a61fafe17224c087f5519baed54d",
        "type": "github"
      },
      "original": {
        "owner": "numtide",
        "repo": "flake-utils",
        "type": "github"
      }
    },
    "make-shell": {
      "locked": {
        "lastModified": 1619482051,
        "narHash": "sha256-HM5lFiBKKfy/L7Ifk6mKRTT1UfQfSSzIMLBzDnPkH6Q=",
        "owner": "ursi",
        "repo": "nix-make-shell",
        "rev": "ed72df45d0a81784eee8603e366e1f1ae9da6950",
        "type": "github"
      },
      "original": {
        "owner": "ursi",
        "ref": "1",
        "repo": "nix-make-shell",
        "type": "github"
      }
    },
    "nixpkgs": {
      "locked": {
        "lastModified": 1621169420,
        "narHash": "sha256-NKFX7QhxRQkaw0+NjcZ6N+cYpDs7gkpMHxNC8QHkprg=",
        "owner": "NixOS",
        "repo": "nixpkgs",
        "rev": "c58b97674b12d238d9d21e8ab9ee9d7a6b81ae8f",
        "type": "github"
      },
      "original": {
        "owner": "NixOS",
        "ref": "nixpkgs-unstable",
        "repo": "nixpkgs",
        "type": "github"
      }
    },
    "purs-nix": {
      "inputs": {
        "utils": "utils"
      },
      "locked": {
        "lastModified": 1623543382,
        "narHash": "sha256-fKGVP/CJXQYsVPDophxknILIMCa2MQLrVDyhtyE65yo=",
        "owner": "ursi",
        "repo": "purs-nix",
        "rev": "4b68c019d14e7f1e48ded85224e3e7a5a985cf1e",
        "type": "github"
      },
      "original": {
        "owner": "ursi",
        "repo": "purs-nix",
        "type": "github"
      }
    },
    "root": {
      "inputs": {
        "nixpkgs": "nixpkgs",
        "purs-nix": "purs-nix",
        "utils": "utils_2"
      }
    },
    "utils": {
      "locked": {
        "lastModified": 1620759905,
        "narHash": "sha256-WiyWawrgmyN0EdmiHyG2V+fqReiVi8bM9cRdMaKQOFg=",
        "owner": "numtide",
        "repo": "flake-utils",
        "rev": "b543720b25df6ffdfcf9227afafc5b8c1fabfae8",
        "type": "github"
      },
      "original": {
        "owner": "numtide",
        "repo": "flake-utils",
        "type": "github"
      }
    },
    "utils_2": {
      "inputs": {
        "flake-utils": "flake-utils",
        "make-shell": "make-shell"
      },
      "locked": {
        "lastModified": 1621733845,
        "narHash": "sha256-k7SQFZi64rTqNWBkKrGahCtQHBXi8RWlPq3OKRDzano=",
        "owner": "ursi",
        "repo": "flake-utils",
        "rev": "d939d2e5d73cd3468a05661e4471838b64547e6b",
        "type": "github"
      },
      "original": {
        "owner": "ursi",
        "ref": "2",
        "repo": "flake-utils",
        "type": "github"
      }
    }
  },
  "root": "root",
  "version": 7
}
